
Microsoft Visual Studio Solution File, Format Version 12.00
# Visual Studio Version 17
VisualStudioVersion = 17.2.32505.173
MinimumVisualStudioVersion = 10.0.40219.1
Project("{9A19103F-16F7-4668-BE54-9A1E7A4F7556}") = "Assignment.API", "Assignment.API\Assignment.API.csproj", "{640DC254-532E-495E-B813-53676CE09F1E}"
EndProject
Project("{9A19103F-16F7-4668-BE54-9A1E7A4F7556}") = "Assignment.Domain", "Assignment.Domain\Assignment.Domain.csproj", "{0FE34875-A2DA-4B87-8C55-1F6D54269AA1}"
EndProject
Project("{9A19103F-16F7-4668-BE54-9A1E7A4F7556}") = "Assignment.SharedViewModels", "Asignment.SharedViewModels\Assignment.SharedViewModels.csproj", "{C27920C9-9205-4153-BCFC-ABDA837BFC35}"
EndProject
Project("{9A19103F-16F7-4668-BE54-9A1E7A4F7556}") = "Assignment.CustomerSite", "Assignment.CustomerSite\Assignment.CustomerSite.csproj", "{88352EA4-7644-4C21-970C-3944A8BC0EDE}"
EndProject
Project("{9A19103F-16F7-4668-BE54-9A1E7A4F7556}") = "Assignment.AdminSites", "Assignment.AdminSites\Assignment.AdminSites.csproj", "{1B33075E-E26C-465A-B6E1-5C3E105DB99D}"
EndProject
Project("{FAE04EC0-301F-11D3-BF4B-00C04F79EFBC}") = "Assignment.API.Test", "Assignment.API.Test\Assignment.API.Test.csproj", "{D43B0E9F-39DA-4BD0-8745-B2BB20B49F4E}"
EndProject
Global
	GlobalSection(SolutionConfigurationPlatforms) = preSolution
		Debug|Any CPU = Debug|Any CPU
		Release|Any CPU = Release|Any CPU
	EndGlobalSection
	GlobalSection(ProjectConfigurationPlatforms) = postSolution
		{640DC254-532E-495E-B813-53676CE09F1E}.Debug|Any CPU.ActiveCfg = Debug|Any CPU
		{640DC254-532E-495E-B813-53676CE09F1E}.Debug|Any CPU.Build.0 = Debug|Any CPU
		{640DC254-532E-495E-B813-53676CE09F1E}.Release|Any CPU.ActiveCfg = Release|Any CPU
		{640DC254-532E-495E-B813-53676CE09F1E}.Release|Any CPU.Build.0 = Release|Any CPU
		{0FE34875-A2DA-4B87-8C55-1F6D54269AA1}.Debug|Any CPU.ActiveCfg = Debug|Any CPU
		{0FE34875-A2DA-4B87-8C55-1F6D54269AA1}.Debug|Any CPU.Build.0 = Debug|Any CPU
		{0FE34875-A2DA-4B87-8C55-1F6D54269AA1}.Release|Any CPU.ActiveCfg = Release|Any CPU
		{0FE34875-A2DA-4B87-8C55-1F6D54269AA1}.Release|Any CPU.Build.0 = Release|Any CPU
		{C27920C9-9205-4153-BCFC-ABDA837BFC35}.Debug|Any CPU.ActiveCfg = Debug|Any CPU
		{C27920C9-9205-4153-BCFC-ABDA837BFC35}.Debug|Any CPU.Build.0 = Debug|Any CPU
		{C27920C9-9205-4153-BCFC-ABDA837BFC35}.Release|Any CPU.ActiveCfg = Release|Any CPU
		{C27920C9-9205-4153-BCFC-ABDA837BFC35}.Release|Any CPU.Build.0 = Release|Any CPU
		{88352EA4-7644-4C21-970C-3944A8BC0EDE}.Debug|Any CPU.ActiveCfg = Debug|Any CPU
		{88352EA4-7644-4C21-970C-3944A8BC0EDE}.Debug|Any CPU.Build.0 = Debug|Any CPU
		{88352EA4-7644-4C21-970C-3944A8BC0EDE}.Release|Any CPU.ActiveCfg = Release|Any CPU
		{88352EA4-7644-4C21-970C-3944A8BC0EDE}.Release|Any CPU.Build.0 = Release|Any CPU
		{1B33075E-E26C-465A-B6E1-5C3E105DB99D}.Debug|Any CPU.ActiveCfg = Debug|Any CPU
		{1B33075E-E26C-465A-B6E1-5C3E105DB99D}.Debug|Any CPU.Build.0 = Debug|Any CPU
		{1B33075E-E26C-465A-B6E1-5C3E105DB99D}.Release|Any CPU.ActiveCfg = Release|Any CPU
		{1B33075E-E26C-465A-B6E1-5C3E105DB99D}.Release|Any CPU.Build.0 = Release|Any CPU
		{D43B0E9F-39DA-4BD0-8745-B2BB20B49F4E}.Debug|Any CPU.ActiveCfg = Debug|Any CPU
		{D43B0E9F-39DA-4BD0-8745-B2BB20B49F4E}.Debug|Any CPU.Build.0 = Debug|Any CPU
		{D43B0E9F-39DA-4BD0-8745-B2BB20B49F4E}.Release|Any CPU.ActiveCfg = Release|Any CPU
		{D43B0E9F-39DA-4BD0-8745-B2BB20B49F4E}.Release|Any CPU.Build.0 = Release|Any CPU
	EndGlobalSection
	GlobalSection(SolutionProperties) = preSolution
		HideSolutionNode = FALSE
	EndGlobalSection
	GlobalSection(ExtensibilityGlobals) = postSolution
		SolutionGuid = {77CD962E-A83B-4CAC-8B02-15259A9BE8F7}
	EndGlobalSection
EndGlobal
